{
  "name": "JobManager_V2",
  "lockfileVersion": 2,
  "requires": true,
  "packages": {
    "": {
      "dependencies": {
        "@clr/icons": "^13.0.2",
        "@clr/ui": "^15.3.0"
      }
    },
    "node_modules/@angular/cdk": {
      "version": "15.2.9",
      "resolved": "https://registry.npmjs.org/@angular/cdk/-/cdk-15.2.9.tgz",
      "integrity": "sha512-koaM07N1AIQ5oHU27l0/FoQSSoYAwlAYwVZ4Di3bYrJsTBNCN2Xsby7wI8gZxdepMnV4Fe9si382BDBov+oO4Q==",
      "peer": true,
      "dependencies": {
        "tslib": "^2.3.0"
      },
      "optionalDependencies": {
        "parse5": "^7.1.2"
      },
      "peerDependencies": {
        "@angular/common": "^15.0.0 || ^16.0.0",
        "@angular/core": "^15.0.0 || ^16.0.0",
        "rxjs": "^6.5.3 || ^7.4.0"
      }
    },
    "node_modules/@angular/common": {
      "version": "15.2.9",
      "resolved": "https://registry.npmjs.org/@angular/common/-/common-15.2.9.tgz",
      "integrity": "sha512-LM9/UHG2dRrOzlu2KovrFwWIziFMjRxHzSP3Igw6Symw/wIl0kXGq8Fn6RpFP78zmLqnv+IQOoRiby9MCXsI4g==",
      "peer": true,
      "dependencies": {
        "tslib": "^2.3.0"
      },
      "engines": {
        "node": "^14.20.0 || ^16.13.0 || >=18.10.0"
      },
      "peerDependencies": {
        "@angular/core": "15.2.9",
        "rxjs": "^6.5.3 || ^7.4.0"
      }
    },
    "node_modules/@angular/core": {
      "version": "15.2.9",
      "resolved": "https://registry.npmjs.org/@angular/core/-/core-15.2.9.tgz",
      "integrity": "sha512-w46Z1yUXCQfKV7XfnamOoLA2VD0MVUUYVrUjO73mHSskDXSXxfZAEHO9kfUS71Cj35PvhP3mbkqWscpea2WeYg==",
      "peer": true,
      "dependencies": {
        "tslib": "^2.3.0"
      },
      "engines": {
        "node": "^14.20.0 || ^16.13.0 || >=18.10.0"
      },
      "peerDependencies": {
        "rxjs": "^6.5.3 || ^7.4.0",
        "zone.js": "~0.11.4 || ~0.12.0 || ~0.13.0"
      }
    },
    "node_modules/@cds/city": {
      "version": "1.1.0",
      "resolved": "https://registry.npmjs.org/@cds/city/-/city-1.1.0.tgz",
      "integrity": "sha512-S9K+Q39BGOghyLHmR0Wdcmu1i1noSUk8HcvMj+3IaohZw02WFd99aPTQDHJeseXrXZP3CNovaSlePI0R11NcFg==",
      "optional": true,
      "peer": true
    },
    "node_modules/@cds/core": {
      "version": "6.4.2",
      "resolved": "https://registry.npmjs.org/@cds/core/-/core-6.4.2.tgz",
      "integrity": "sha512-m18JDBenj8qL+msOZkYs3tn8Yq3w9FzbaKRN1FFjL/pp5S9w2wUXazuA+Kuin84LN72K/LAy3LyUVYMkZSqM7A==",
      "peer": true,
      "dependencies": {
        "lit": "^2.1.3",
        "ramda": "^0.29.0",
        "tslib": "^2.3.1"
      },
      "optionalDependencies": {
        "@cds/city": "^1.1.0",
        "modern-normalize": "1.1.0"
      }
    },
    "node_modules/@clr/angular": {
      "version": "15.3.0",
      "resolved": "https://registry.npmjs.org/@clr/angular/-/angular-15.3.0.tgz",
      "integrity": "sha512-a0JCcH+Hp6b7KdafCSwAr8bDg5QIuY5WjEr3+xjiYT0PPRXozufPqv7yJyc58gx1T8A6R8NtxTvMoX/xKnJoFg==",
      "peer": true,
      "dependencies": {
        "tslib": "^2.3.0"
      },
      "peerDependencies": {
        "@angular/cdk": "15",
        "@angular/common": "15",
        "@angular/core": "15",
        "@cds/core": "^5.6.0 || ^6.0.0"
      }
    },
    "node_modules/@clr/icons": {
      "version": "13.0.2",
      "resolved": "https://registry.npmjs.org/@clr/icons/-/icons-13.0.2.tgz",
      "integrity": "sha512-bdcSuFvQAbIIp8Q2Fm55BjHW5cawP4xEOkZf2IEIin0d9ViRcAJNjACBCOMDhx2up7nPZsXwN2gL8zJhL7TSZQ==",
      "peerDependencies": {
        "@webcomponents/custom-elements": "^1.0.0"
      }
    },
    "node_modules/@clr/ui": {
      "version": "15.3.0",
      "resolved": "https://registry.npmjs.org/@clr/ui/-/ui-15.3.0.tgz",
      "integrity": "sha512-XyrFzTMJ1CMtnwNwev06BScaP9rGdDZpSGv2uIN/ysFwiSU2Sf45CAXYYGNW6F96PEHcYbpecJ28kUhV/q9a1w==",
      "peerDependencies": {
        "@clr/angular": "15.3.0"
      }
    },
    "node_modules/@lit-labs/ssr-dom-shim": {
      "version": "1.1.1",
      "resolved": "https://registry.npmjs.org/@lit-labs/ssr-dom-shim/-/ssr-dom-shim-1.1.1.tgz",
      "integrity": "sha512-kXOeFbfCm4fFf2A3WwVEeQj55tMZa8c8/f9AKHMobQMkzNUfUj+antR3fRPaZJawsa1aZiP/Da3ndpZrwEe4rQ==",
      "peer": true
    },
    "node_modules/@lit/reactive-element": {
      "version": "1.6.1",
      "resolved": "https://registry.npmjs.org/@lit/reactive-element/-/reactive-element-1.6.1.tgz",
      "integrity": "sha512-va15kYZr7KZNNPZdxONGQzpUr+4sxVu7V/VG7a8mRfPPXUyhEYj5RzXCQmGrlP3tAh0L3HHm5AjBMFYRqlM9SA==",
      "peer": true,
      "dependencies": {
        "@lit-labs/ssr-dom-shim": "^1.0.0"
      }
    },
    "node_modules/@types/trusted-types": {
      "version": "2.0.3",
      "resolved": "https://registry.npmjs.org/@types/trusted-types/-/trusted-types-2.0.3.tgz",
      "integrity": "sha512-NfQ4gyz38SL8sDNrSixxU2Os1a5xcdFxipAFxYEuLUlvU2uDwS4NUpsImcf1//SlWItCVMMLiylsxbmNMToV/g==",
      "peer": true
    },
    "node_modules/@webcomponents/custom-elements": {
      "version": "1.5.1",
      "resolved": "https://registry.npmjs.org/@webcomponents/custom-elements/-/custom-elements-1.5.1.tgz",
      "integrity": "sha512-6T/XT3S1UHDlRWFSxRXdeSoYWczEl78sygNPS7jDyHVrfZcF/pUtWGYgxF4uviH59iPVw1eOWbhubm8CqO0MpA==",
      "peer": true
    },
    "node_modules/entities": {
      "version": "4.5.0",
      "resolved": "https://registry.npmjs.org/entities/-/entities-4.5.0.tgz",
      "integrity": "sha512-V0hjH4dGPh9Ao5p0MoRY6BVqtwCjhz6vI5LT8AJ55H+4g9/4vbHx1I54fS0XuclLhDHArPQCiMjDxjaL8fPxhw==",
      "optional": true,
      "peer": true,
      "engines": {
        "node": ">=0.12"
      },
      "funding": {
        "url": "https://github.com/fb55/entities?sponsor=1"
      }
    },
    "node_modules/lit": {
      "version": "2.7.4",
      "resolved": "https://registry.npmjs.org/lit/-/lit-2.7.4.tgz",
      "integrity": "sha512-cgD7xrZoYr21mbrkZIuIrj98YTMw/snJPg52deWVV4A8icLyNHI3bF70xsJeAgwTuiq5Kkd+ZR8gybSJDCPB7g==",
      "peer": true,
      "dependencies": {
        "@lit/reactive-element": "^1.6.0",
        "lit-element": "^3.3.0",
        "lit-html": "^2.7.0"
      }
    },
    "node_modules/lit-element": {
      "version": "3.3.2",
      "resolved": "https://registry.npmjs.org/lit-element/-/lit-element-3.3.2.tgz",
      "integrity": "sha512-xXAeVWKGr4/njq0rGC9dethMnYCq5hpKYrgQZYTzawt9YQhMiXfD+T1RgrdY3NamOxwq2aXlb0vOI6e29CKgVQ==",
      "peer": true,
      "dependencies": {
        "@lit-labs/ssr-dom-shim": "^1.1.0",
        "@lit/reactive-element": "^1.3.0",
        "lit-html": "^2.7.0"
      }
    },
    "node_modules/lit-html": {
      "version": "2.7.3",
      "resolved": "https://registry.npmjs.org/lit-html/-/lit-html-2.7.3.tgz",
      "integrity": "sha512-9DyLzcn/kbRGowz2vFmSANFbRZTxYUgYYFqzie89w6GLpPUiBCDHfcdeRUV/k3Q2ueYxNjfv46yPCtKAEAPOVw==",
      "peer": true,
      "dependencies": {
        "@types/trusted-types": "^2.0.2"
      }
    },
    "node_modules/modern-normalize": {
      "version": "1.1.0",
      "resolved": "https://registry.npmjs.org/modern-normalize/-/modern-normalize-1.1.0.tgz",
      "integrity": "sha512-2lMlY1Yc1+CUy0gw4H95uNN7vjbpoED7NNRSBHE25nWfLBdmMzFCsPshlzbxHz+gYMcBEUN8V4pU16prcdPSgA==",
      "optional": true,
      "peer": true,
      "engines": {
        "node": ">=6"
      },
      "funding": {
        "url": "https://github.com/sponsors/sindresorhus"
      }
    },
    "node_modules/parse5": {
      "version": "7.1.2",
      "resolved": "https://registry.npmjs.org/parse5/-/parse5-7.1.2.tgz",
      "integrity": "sha512-Czj1WaSVpaoj0wbhMzLmWD69anp2WH7FXMB9n1Sy8/ZFF9jolSQVMu1Ij5WIyGmcBmhk7EOndpO4mIpihVqAXw==",
      "optional": true,
      "peer": true,
      "dependencies": {
        "entities": "^4.4.0"
      },
      "funding": {
        "url": "https://github.com/inikulin/parse5?sponsor=1"
      }
    },
    "node_modules/ramda": {
      "version": "0.29.0",
      "resolved": "https://registry.npmjs.org/ramda/-/ramda-0.29.0.tgz",
      "integrity": "sha512-BBea6L67bYLtdbOqfp8f58fPMqEwx0doL+pAi8TZyp2YWz8R9G8z9x75CZI8W+ftqhFHCpEX2cRnUUXK130iKA==",
      "peer": true,
      "funding": {
        "type": "opencollective",
        "url": "https://opencollective.com/ramda"
      }
    },
    "node_modules/rxjs": {
      "version": "7.8.1",
      "resolved": "https://registry.npmjs.org/rxjs/-/rxjs-7.8.1.tgz",
      "integrity": "sha512-AA3TVj+0A2iuIoQkWEK/tqFjBq2j+6PO6Y0zJcvzLAFhEFIO3HL0vls9hWLncZbAAbK0mar7oZ4V079I/qPMxg==",
      "peer": true,
      "dependencies": {
        "tslib": "^2.1.0"
      }
    },
    "node_modules/tslib": {
      "version": "2.5.0",
      "resolved": "https://registry.npmjs.org/tslib/-/tslib-2.5.0.tgz",
      "integrity": "sha512-336iVw3rtn2BUK7ORdIAHTyxHGRIHVReokCR3XjbckJMK7ms8FysBfhLR8IXnAgy7T0PTPNBWKiH514FOW/WSg==",
      "peer": true
    },
    "node_modules/zone.js": {
      "version": "0.13.0",
      "resolved": "https://registry.npmjs.org/zone.js/-/zone.js-0.13.0.tgz",
      "integrity": "sha512-7m3hNNyswsdoDobCkYNAy5WiUulkMd3+fWaGT9ij6iq3Zr/IwJo4RMCYPSDjT+r7tnPErmY9sZpKhWQ8S5k6XQ==",
      "peer": true,
      "dependencies": {
        "tslib": "^2.3.0"
      }
    }
  },
  "dependencies": {
    "@angular/cdk": {
      "version": "15.2.9",
      "resolved": "https://registry.npmjs.org/@angular/cdk/-/cdk-15.2.9.tgz",
      "integrity": "sha512-koaM07N1AIQ5oHU27l0/FoQSSoYAwlAYwVZ4Di3bYrJsTBNCN2Xsby7wI8gZxdepMnV4Fe9si382BDBov+oO4Q==",
      "peer": true,
      "requires": {
        "parse5": "^7.1.2",
        "tslib": "^2.3.0"
      }
    },
    "@angular/common": {
      "version": "15.2.9",
      "resolved": "https://registry.npmjs.org/@angular/common/-/common-15.2.9.tgz",
      "integrity": "sha512-LM9/UHG2dRrOzlu2KovrFwWIziFMjRxHzSP3Igw6Symw/wIl0kXGq8Fn6RpFP78zmLqnv+IQOoRiby9MCXsI4g==",
      "peer": true,
      "requires": {
        "tslib": "^2.3.0"
      }
    },
    "@angular/core": {
      "version": "15.2.9",
      "resolved": "https://registry.npmjs.org/@angular/core/-/core-15.2.9.tgz",
      "integrity": "sha512-w46Z1yUXCQfKV7XfnamOoLA2VD0MVUUYVrUjO73mHSskDXSXxfZAEHO9kfUS71Cj35PvhP3mbkqWscpea2WeYg==",
      "peer": true,
      "requires": {
        "tslib": "^2.3.0"
      }
    },
    "@cds/city": {
      "version": "1.1.0",
      "resolved": "https://registry.npmjs.org/@cds/city/-/city-1.1.0.tgz",
      "integrity": "sha512-S9K+Q39BGOghyLHmR0Wdcmu1i1noSUk8HcvMj+3IaohZw02WFd99aPTQDHJeseXrXZP3CNovaSlePI0R11NcFg==",
      "optional": true,
      "peer": true
    },
    "@cds/core": {
      "version": "6.4.2",
      "resolved": "https://registry.npmjs.org/@cds/core/-/core-6.4.2.tgz",
      "integrity": "sha512-m18JDBenj8qL+msOZkYs3tn8Yq3w9FzbaKRN1FFjL/pp5S9w2wUXazuA+Kuin84LN72K/LAy3LyUVYMkZSqM7A==",
      "peer": true,
      "requires": {
        "@cds/city": "^1.1.0",
        "lit": "^2.1.3",
        "modern-normalize": "1.1.0",
        "ramda": "^0.29.0",
        "tslib": "^2.3.1"
      }
    },
    "@clr/angular": {
      "version": "15.3.0",
      "resolved": "https://registry.npmjs.org/@clr/angular/-/angular-15.3.0.tgz",
      "integrity": "sha512-a0JCcH+Hp6b7KdafCSwAr8bDg5QIuY5WjEr3+xjiYT0PPRXozufPqv7yJyc58gx1T8A6R8NtxTvMoX/xKnJoFg==",
      "peer": true,
      "requires": {
        "tslib": "^2.3.0"
      }
    },
    "@clr/icons": {
      "version": "13.0.2",
      "resolved": "https://registry.npmjs.org/@clr/icons/-/icons-13.0.2.tgz",
      "integrity": "sha512-bdcSuFvQAbIIp8Q2Fm55BjHW5cawP4xEOkZf2IEIin0d9ViRcAJNjACBCOMDhx2up7nPZsXwN2gL8zJhL7TSZQ==",
      "requires": {}
    },
    "@clr/ui": {
      "version": "15.3.0",
      "resolved": "https://registry.npmjs.org/@clr/ui/-/ui-15.3.0.tgz",
      "integrity": "sha512-XyrFzTMJ1CMtnwNwev06BScaP9rGdDZpSGv2uIN/ysFwiSU2Sf45CAXYYGNW6F96PEHcYbpecJ28kUhV/q9a1w==",
      "requires": {}
    },
    "@lit-labs/ssr-dom-shim": {
      "version": "1.1.1",
      "resolved": "https://registry.npmjs.org/@lit-labs/ssr-dom-shim/-/ssr-dom-shim-1.1.1.tgz",
      "integrity": "sha512-kXOeFbfCm4fFf2A3WwVEeQj55tMZa8c8/f9AKHMobQMkzNUfUj+antR3fRPaZJawsa1aZiP/Da3ndpZrwEe4rQ==",
      "peer": true
    },
    "@lit/reactive-element": {
      "version": "1.6.1",
      "resolved": "https://registry.npmjs.org/@lit/reactive-element/-/reactive-element-1.6.1.tgz",
      "integrity": "sha512-va15kYZr7KZNNPZdxONGQzpUr+4sxVu7V/VG7a8mRfPPXUyhEYj5RzXCQmGrlP3tAh0L3HHm5AjBMFYRqlM9SA==",
      "peer": true,
      "requires": {
        "@lit-labs/ssr-dom-shim": "^1.0.0"
      }
    },
    "@types/trusted-types": {
      "version": "2.0.3",
      "resolved": "https://registry.npmjs.org/@types/trusted-types/-/trusted-types-2.0.3.tgz",
      "integrity": "sha512-NfQ4gyz38SL8sDNrSixxU2Os1a5xcdFxipAFxYEuLUlvU2uDwS4NUpsImcf1//SlWItCVMMLiylsxbmNMToV/g==",
      "peer": true
    },
    "@webcomponents/custom-elements": {
      "version": "1.5.1",
      "resolved": "https://registry.npmjs.org/@webcomponents/custom-elements/-/custom-elements-1.5.1.tgz",
      "integrity": "sha512-6T/XT3S1UHDlRWFSxRXdeSoYWczEl78sygNPS7jDyHVrfZcF/pUtWGYgxF4uviH59iPVw1eOWbhubm8CqO0MpA==",
      "peer": true
    },
    "entities": {
      "version": "4.5.0",
      "resolved": "https://registry.npmjs.org/entities/-/entities-4.5.0.tgz",
      "integrity": "sha512-V0hjH4dGPh9Ao5p0MoRY6BVqtwCjhz6vI5LT8AJ55H+4g9/4vbHx1I54fS0XuclLhDHArPQCiMjDxjaL8fPxhw==",
      "optional": true,
      "peer": true
    },
    "lit": {
      "version": "2.7.4",
      "resolved": "https://registry.npmjs.org/lit/-/lit-2.7.4.tgz",
      "integrity": "sha512-cgD7xrZoYr21mbrkZIuIrj98YTMw/snJPg52deWVV4A8icLyNHI3bF70xsJeAgwTuiq5Kkd+ZR8gybSJDCPB7g==",
      "peer": true,
      "requires": {
        "@lit/reactive-element": "^1.6.0",
        "lit-element": "^3.3.0",
        "lit-html": "^2.7.0"
      }
    },
    "lit-element": {
      "version": "3.3.2",
      "resolved": "https://registry.npmjs.org/lit-element/-/lit-element-3.3.2.tgz",
      "integrity": "sha512-xXAeVWKGr4/njq0rGC9dethMnYCq5hpKYrgQZYTzawt9YQhMiXfD+T1RgrdY3NamOxwq2aXlb0vOI6e29CKgVQ==",
      "peer": true,
      "requires": {
        "@lit-labs/ssr-dom-shim": "^1.1.0",
        "@lit/reactive-element": "^1.3.0",
        "lit-html": "^2.7.0"
      }
    },
    "lit-html": {
      "version": "2.7.3",
      "resolved": "https://registry.npmjs.org/lit-html/-/lit-html-2.7.3.tgz",
      "integrity": "sha512-9DyLzcn/kbRGowz2vFmSANFbRZTxYUgYYFqzie89w6GLpPUiBCDHfcdeRUV/k3Q2ueYxNjfv46yPCtKAEAPOVw==",
      "peer": true,
      "requires": {
        "@types/trusted-types": "^2.0.2"
      }
    },
    "modern-normalize": {
      "version": "1.1.0",
      "resolved": "https://registry.npmjs.org/modern-normalize/-/modern-normalize-1.1.0.tgz",
      "integrity": "sha512-2lMlY1Yc1+CUy0gw4H95uNN7vjbpoED7NNRSBHE25nWfLBdmMzFCsPshlzbxHz+gYMcBEUN8V4pU16prcdPSgA==",
      "optional": true,
      "peer": true
    },
    "parse5": {
      "version": "7.1.2",
      "resolved": "https://registry.npmjs.org/parse5/-/parse5-7.1.2.tgz",
      "integrity": "sha512-Czj1WaSVpaoj0wbhMzLmWD69anp2WH7FXMB9n1Sy8/ZFF9jolSQVMu1Ij5WIyGmcBmhk7EOndpO4mIpihVqAXw==",
      "optional": true,
      "peer": true,
      "requires": {
        "entities": "^4.4.0"
      }
    },
    "ramda": {
      "version": "0.29.0",
      "resolved": "https://registry.npmjs.org/ramda/-/ramda-0.29.0.tgz",
      "integrity": "sha512-BBea6L67bYLtdbOqfp8f58fPMqEwx0doL+pAi8TZyp2YWz8R9G8z9x75CZI8W+ftqhFHCpEX2cRnUUXK130iKA==",
      "peer": true
    },
    "rxjs": {
      "version": "7.8.1",
      "resolved": "https://registry.npmjs.org/rxjs/-/rxjs-7.8.1.tgz",
      "integrity": "sha512-AA3TVj+0A2iuIoQkWEK/tqFjBq2j+6PO6Y0zJcvzLAFhEFIO3HL0vls9hWLncZbAAbK0mar7oZ4V079I/qPMxg==",
      "peer": true,
      "requires": {
        "tslib": "^2.1.0"
      }
    },
    "tslib": {
      "version": "2.5.0",
      "resolved": "https://registry.npmjs.org/tslib/-/tslib-2.5.0.tgz",
      "integrity": "sha512-336iVw3rtn2BUK7ORdIAHTyxHGRIHVReokCR3XjbckJMK7ms8FysBfhLR8IXnAgy7T0PTPNBWKiH514FOW/WSg==",
      "peer": true
    },
    "zone.js": {
      "version": "0.13.0",
      "resolved": "https://registry.npmjs.org/zone.js/-/zone.js-0.13.0.tgz",
      "integrity": "sha512-7m3hNNyswsdoDobCkYNAy5WiUulkMd3+fWaGT9ij6iq3Zr/IwJo4RMCYPSDjT+r7tnPErmY9sZpKhWQ8S5k6XQ==",
      "peer": true,
      "requires": {
        "tslib": "^2.3.0"
      }
    }
  }
}
